{
    "name": "examples",
    "version": "0.0.0",
    "lockfileVersion": 1,
    "requires": true,
    "dependencies": {
        "ngx-highlightjs": {
            "version": "2.1.1",
            "resolved": "https://registry.npmjs.org/ngx-highlightjs/-/ngx-highlightjs-2.1.1.tgz",
            "integrity": "sha512-8LpImj51J8372Zztg/SHB5IznPVtujbW/Ner2KJOh1DjO7uph9jFt5AYdvtJrX9WeJ9Su+uuLlbjbSm2NgloKg==",
            "requires": {
                "tslib": "1.9.3"
            }
        },
        "tslib": {
            "version": "1.9.3",
            "resolved": "https://registry.npmjs.org/tslib/-/tslib-1.9.3.tgz",
            "integrity": "sha512-4krF8scpejhaOgqzBEcGM7yDIEfi0/8+8zDRZhNZZ2kjmHJ4hv3zCbQWxoJGz1iw5U0Jl0nma13xzHXcncMavQ=="
        }
    }
}
